// !$*UTF8*$!
{
	archiveVersion = 1;
	classes = {
	};
	objectVersion = 46;
	objects = {

/* Begin PBXBuildFile section */
		443C4F2C1ECDDB9E009C78F4 /* AppDelegate.swift in Sources */ = {isa = PBXBuildFile; fileRef = 443C4F2B1ECDDB9E009C78F4 /* AppDelegate.swift */; };
		443C4F2E1ECDDB9E009C78F4 /* ViewController.swift in Sources */ = {isa = PBXBuildFile; fileRef = 443C4F2D1ECDDB9E009C78F4 /* ViewController.swift */; };
		443C4F311ECDDB9E009C78F4 /* Main.storyboard in Resources */ = {isa = PBXBuildFile; fileRef = 443C4F2F1ECDDB9E009C78F4 /* Main.storyboard */; };
		443C4F331ECDDB9E009C78F4 /* Assets.xcassets in Resources */ = {isa = PBXBuildFile; fileRef = 443C4F321ECDDB9E009C78F4 /* Assets.xcassets */; };
		443C4F361ECDDB9E009C78F4 /* LaunchScreen.storyboard in Resources */ = {isa = PBXBuildFile; fileRef = 443C4F341ECDDB9E009C78F4 /* LaunchScreen.storyboard */; };
/* End PBXBuildFile section */

/* Begin PBXFileReference section */
		443C4F281ECDDB9E009C78F4 /* Git-Exercise.app */ = {isa = PBXFileReference; explicitFileType = wrapper.application; includeInIndex = 0; path = "Git-Exercise.app"; sourceTree = BUILT_PRODUCTS_DIR; };
		443C4F2B1ECDDB9E009C78F4 /* AppDelegate.swift */ = {isa = PBXFileReference; lastKnownFileType = sourcecode.swift; path = AppDelegate.swift; sourceTree = "<group>"; };
		443C4F2D1ECDDB9E009C78F4 /* ViewController.swift */ = {isa = PBXFileReference; lastKnownFileType = sourcecode.swift; path = ViewController.swift; sourceTree = "<group>"; };
		443C4F301ECDDB9E009C78F4 /* Base */ = {isa = PBXFileReference; lastKnownFileType = file.storyboard; name = Base; path = Base.lproj/Main.storyboard; sourceTree = "<group>"; };
		443C4F321ECDDB9E009C78F4 /* Assets.xcassets */ = {isa = PBXFileReference; lastKnownFileType = folder.assetcatalog; path = Assets.xcassets; sourceTree = "<group>"; };
		443C4F351ECDDB9E009C78F4 /* Base */ = {isa = PBXFileReference; lastKnownFileType = file.storyboard; name = Base; path = Base.lproj/LaunchScreen.storyboard; sourceTree = "<group>"; };
		443C4F371ECDDB9E009C78F4 /* Info.plist */ = {isa = PBXFileReference; lastKnownFileType = text.plist.xml; path = Info.plist; sourceTree = "<group>"; };
/* End PBXFileReference section */

/* Begin PBXFrameworksBuildPhase section */
		443C4F251ECDDB9E009C78F4 /* Frameworks */ = {
			isa = PBXFrameworksBuildPhase;
			buildActionMask = 2147483647;
			files = (
			);
			runOnlyForDeploymentPostprocessing = 0;
		};
/* End PBXFrameworksBuildPhase section */

/* Begin PBXGroup section */
		443C4F1F1ECDDB9E009C78F4 = {
			isa = PBXGroup;
			children = (
				443C4F2A1ECDDB9E009C78F4 /* Git-Exercise */,
				443C4F291ECDDB9E009C78F4 /* Products */,
			);
			sourceTree = "<group>";
		};
		443C4F291ECDDB9E009C78F4 /* Products */ = {
			isa = PBXGroup;
			children = (
				443C4F281ECDDB9E009C78F4 /* Git-Exercise.app */,
			);
			name = Products;
			sourceTree = "<group>";
		};
		443C4F2A1ECDDB9E009C78F4 /* Git-Exercise */ = {
			isa = PBXGroup;
			children = (
				443C4F2B1ECDDB9E009C78F4 /* AppDelegate.swift */,
				443C4F2D1ECDDB9E009C78F4 /* ViewController.swift */,
				443C4F2F1ECDDB9E009C78F4 /* Main.storyboard */,
				443C4F321ECDDB9E009C78F4 /* Assets.xcassets */,
				443C4F341ECDDB9E009C78F4 /* LaunchScreen.storyboard */,
				443C4F371ECDDB9E009C78F4 /* Info.plist */,
			);
			path = "Git-Exercise";
			sourceTree = "<group>";
		};
/* End PBXGroup section */

/* Begin PBXNativeTarget section */
		443C4F271ECDDB9E009C78F4 /* Git-Exercise */ = {
			isa = PBXNativeTarget;
			buildConfigurationList = 443C4F3A1ECDDB9E009C78F4 /* Build configuration list for PBXNativeTarget "Git-Exercise" */;
			buildPhases = (
				443C4F241ECDDB9E009C78F4 /* Sources */,
				443C4F251ECDDB9E009C78F4 /* Frameworks */,
				443C4F261ECDDB9E009C78F4 /* Resources */,
			);
			buildRules = (
			);
			dependencies = (
			);
			name = "Git-Exercise";
			productName = "Git-Exercise";
			productReference = 443C4F281ECDDB9E009C78F4 /* Git-Exercise.app */;
			productType = "com.apple.product-type.application";
		};
/* End PBXNativeTarget section */

/* Begin PBXProject section */
		443C4F201ECDDB9E009C78F4 /* Project object */ = {
			isa = PBXProject;
			attributes = {
				LastSwiftUpdateCheck = 0830;
				LastUpgradeCheck = 0830;
				ORGANIZATIONNAME = "Rach Ambacher";
				TargetAttributes = {
					443C4F271ECDDB9E009C78F4 = {
						CreatedOnToolsVersion = 8.3.1;
						ProvisioningStyle = Automatic;
					};
				};
			};
			buildConfigurationList = 443C4F231ECDDB9E009C78F4 /* Build configuration list for PBXProject "Git-Exercise" */;
			compatibilityVersion = "Xcode 3.2";
			developmentRegion = English;
			hasScannedForEncodings = 0;
			knownRegions = (
				en,
				Base,
			);
			mainGroup = 443C4F1F1ECDDB9E009C78F4;
			productRefGroup = 443C4F291ECDDB9E009C78F4 /* Products */;
			projectDirPath = "";
			projectRoot = "";
			targets = (
				443C4F271ECDDB9E009C78F4 /* Git-Exercise */,
			);
		};
/* End PBXProject section */

/* Begin PBXResourcesBuildPhase section */
		443C4F261ECDDB9E009C78F4 /* Resources */ = {
			isa = PBXResourcesBuildPhase;
			buildActionMask = 2147483647;
			files = (
				443C4F361ECDDB9E009C78F4 /* LaunchScreen.storyboard in Resources */,
				443C4F331ECDDB9E009C78F4 /* Assets.xcassets in Resources */,
				443C4F311ECDDB9E009C78F4 /* Main.storyboard in Resources */,
			);
			runOnlyForDeploymentPostprocessing = 0;
		};
/* End PBXResourcesBuildPhase section */

/* Begin PBXSourcesBuildPhase section */
		443C4F241ECDDB9E009C78F4 /* Sources */ = {
			isa = PBXSourcesBuildPhase;
			buildActionMask = 2147483647;
			files = (
				443C4F2E1ECDDB9E009C78F4 /* ViewController.swift in Sources */,
				443C4F2C1ECDDB9E009C78F4 /* AppDelegate.swift in Sources */,
			);
			runOnlyForDeploymentPostprocessing = 0;
		};
/* End PBXSourcesBuildPhase section */

/* Begin PBXVariantGroup section */
		443C4F2F1ECDDB9E009C78F4 /* Main.storyboard */ = {
			isa = PBXVariantGroup;
			children = (
				443C4F301ECDDB9E009C78F4 /* Base */,
			);
			name = Main.storyboard;
			sourceTree = "<group>";
		};
		443C4F341ECDDB9E009C78F4 /* LaunchScreen.storyboard */ = {
			isa = PBXVariantGroup;
			children = (
				443C4F351ECDDB9E009C78F4 /* Base */,
			);
			name = LaunchScreen.storyboard;
			sourceTree = "<group>";
		};
/* End PBXVariantGroup section */

/* Begin XCBuildConfiguration section */
		443C4F381ECDDB9E009C78F4 /* Debug */ = {
			isa = XCBuildConfiguration;
			buildSettings = {
				ALWAYS_SEARCH_USER_PATHS = NO;
				CLANG_ANALYZER_NONNULL = YES;
				CLANG_ANALYZER_NUMBER_OBJECT_CONVERSION = YES_AGGRESSIVE;
				CLANG_CXX_LANGUAGE_STANDARD = "gnu++0x";
				CLANG_CXX_LIBRARY = "libc++";
				CLANG_ENABLE_MODULES = YES;
				CLANG_ENABLE_OBJC_ARC = YES;
				CLANG_WARN_BOOL_CONVERSION = YES;
				CLANG_WARN_CONSTANT_CONVERSION = YES;
				CLANG_WARN_DIRECT_OBJC_ISA_USAGE = YES_ERROR;
				CLANG_WARN_DOCUMENTATION_COMMENTS = YES;
				CLANG_WARN_EMPTY_BODY = YES;
				CLANG_WARN_ENUM_CONVERSION = YES;
				CLANG_WARN_INFINITE_RECURSION = YES;
				CLANG_WARN_INT_CONVERSION = YES;
				CLANG_WARN_OBJC_ROOT_CLASS = YES_ERROR;
				CLANG_WARN_SUSPICIOUS_MOVE = YES;
				CLANG_WARN_UNREACHABLE_CODE = YES;
				CLANG_WARN__DUPLICATE_METHOD_MATCH = YES;
				"CODE_SIGN_IDENTITY[sdk=iphoneos*]" = "iPhone Developer";
				COPY_PHASE_STRIP = NO;
				DEBUG_INFORMATION_FORMAT = dwarf;
				ENABLE_STRICT_OBJC_MSGSEND = YES;
				ENABLE_TESTABILITY = YES;
				GCC_C_LANGUAGE_STANDARD = gnu99;
				GCC_DYNAMIC_NO_PIC = NO;
				GCC_NO_COMMON_BLOCKS = YES;
				GCC_OPTIMIZATION_LEVEL = 0;
				GCC_PREPROCESSOR_DEFINITIONS = (
					"DEBUG=1",
					"$(inherited)",
				);
				GCC_WARN_64_TO_32_BIT_CONVERSION = YES;
				GCC_WARN_ABOUT_RETURN_TYPE = YES_ERROR;
				GCC_WARN_UNDECLARED_SELECTOR = YES;
				GCC_WARN_UNINITIALIZED_AUTOS = YES_AGGRESSIVE;
				GCC_WARN_UNUSED_FUNCTION = YES;
				GCC_WARN_UNUSED_VARIABLE = YES;
				IPHONEOS_DEPLOYMENT_TARGET = 10.3;
				MTL_ENABLE_DEBUG_INFO = YES;
				ONLY_ACTIVE_ARCH = YES;
				SDKROOT = iphoneos;
				SWIFT_ACTIVE_COMPILATION_CONDITIONS = DEBUG;
				SWIFT_OPTIMIZATION_LEVEL = "-Onone";
				TARGETED_DEVICE_FAMILY = "1,2";
			};
			name = Debug;
		};
		443C4F391ECDDB9E009C78F4 /* Release */ = {
			isa = XCBuildConfiguration;
			buildSettings = {
				ALWAYS_SEARCH_USER_PATHS = NO;
				CLANG_ANALYZER_NONNULL = YES;
				CLANG_ANALYZER_NUMBER_OBJECT_CONVERSION = YES_AGGRESSIVE;
				CLANG_CXX_LANGUAGE_STANDARD = "gnu++0x";
				CLANG_CXX_LIBRARY = "libc++";
				CLANG_ENABLE_MODULES = YES;
				CLANG_ENABLE_OBJC_ARC = YES;
				CLANG_WARN_BOOL_CONVERSION = YES;
				CLANG_WARN_CONSTANT_CONVERSION = YES;
				CLANG_WARN_DIRECT_OBJC_ISA_USAGE = YES_ERROR;
				CLANG_WARN_DOCUMENTATION_COMMENTS = YES;
				CLANG_WARN_EMPTY_BODY = YES;
				CLANG_WARN_ENUM_CONVERSION = YES;
				CLANG_WARN_INFINITE_RECURSION = YES;
				CLANG_WARN_INT_CONVERSION = YES;
				CLANG_WARN_OBJC_ROOT_CLASS = YES_ERROR;
				CLANG_WARN_SUSPICIOUS_MOVE = YES;
				CLANG_WARN_UNREACHABLE_CODE = YES;
				CLANG_WARN__DUPLICATE_METHOD_MATCH = YES;
				"CODE_SIGN_IDENTITY[sdk=iphoneos*]" = "iPhone Developer";
				COPY_PHASE_STRIP = NO;
				DEBUG_INFORMATION_FORMAT = "dwarf-with-dsym";
				ENABLE_NS_ASSERTIONS = NO;
				ENABLE_STRICT_OBJC_MSGSEND = YES;
				GCC_C_LANGUAGE_STANDARD = gnu99;
				GCC_NO_COMMON_BLOCKS = YES;
				GCC_WARN_64_TO_32_BIT_CONVERSION = YES;
				GCC_WARN_ABOUT_RETURN_TYPE = YES_ERROR;
				GCC_WARN_UNDECLARED_SELECTOR = YES;
				GCC_WARN_UNINITIALIZED_AUTOS = YES_AGGRESSIVE;
				GCC_WARN_UNUSED_FUNCTION = YES;
				GCC_WARN_UNUSED_VARIABLE = YES;
				IPHONEOS_DEPLOYMENT_TARGET = 10.3;
				MTL_ENABLE_DEBUG_INFO = NO;
				SDKROOT = iphoneos;
				SWIFT_OPTIMIZATION_LEVEL = "-Owholemodule";
				TARGETED_DEVICE_FAMILY = "1,2";
				VALIDATE_PRODUCT = YES;
			};
			name = Release;
		};
		443C4F3B1ECDDB9E009C78F4 /* Debug */ = {
			isa = XCBuildConfiguration;
			buildSettings = {
				ASSETCATALOG_COMPILER_APPICON_NAME = AppIcon;
				INFOPLIST_FILE = "Git-Exercise/Info.plist";
				LD_RUNPATH_SEARCH_PATHS = "$(inherited) @executable_path/Frameworks";
				PRODUCT_BUNDLE_IDENTIFIER = "com.Rachel.Git-Exercise";
				PRODUCT_NAME = "$(TARGET_NAME)";
				SWIFT_VERSION = 3.0;
			};
			name = Debug;
		};
		443C4F3C1ECDDB9E009C78F4 /* Release */ = {
			isa = XCBuildConfiguration;
			buildSettings = {
				ASSETCATALOG_COMPILER_APPICON_NAME = AppIcon;
				INFOPLIST_FILE = "Git-Exercise/Info.plist";
				LD_RUNPATH_SEARCH_PATHS = "$(inherited) @executable_path/Frameworks";
				PRODUCT_BUNDLE_IDENTIFIER = "com.Rachel.Git-Exercise";
				PRODUCT_NAME = "$(TARGET_NAME)";
				SWIFT_VERSION = 3.0;
			};
			name = Release;
		};
/* End XCBuildConfiguration section */

/* Begin XCConfigurationList section */
		443C4F231ECDDB9E009C78F4 /* Build configuration list for PBXProject "Git-Exercise" */ = {
			isa = XCConfigurationList;
			buildConfigurations = (
				443C4F381ECDDB9E009C78F4 /* Debug */,
				443C4F391ECDDB9E009C78F4 /* Release */,
			);
			defaultConfigurationIsVisible = 0;
			defaultConfigurationName = Release;
		};
		443C4F3A1ECDDB9E009C78F4 /* Build configuration list for PBXNativeTarget "Git-Exercise" */ = {
			isa = XCConfigurationList;
			buildConfigurations = (
				443C4F3B1ECDDB9E009C78F4 /* Debug */,
				443C4F3C1ECDDB9E009C78F4 /* Release */,
			);
			defaultConfigurationIsVisible = 0;
		};
/* End XCConfigurationList section */
	};
	rootObject = 443C4F201ECDDB9E009C78F4 /* Project object */;
}
